
Microsoft Visual Studio Solution File, Format Version 12.00
# Visual Studio Version 17
VisualStudioVersion = 17.0.31903.59
MinimumVisualStudioVersion = 10.0.40219.1
Project("{2150E333-8FDC-42A3-9474-1A3956D46DE8}") = "src", "src", "{827E0CD3-B72D-47B6-A68D-7590B98EB39B}"
EndProject
Project("{FAE04EC0-301F-11D3-BF4B-00C04F79EFBC}") = "Timetracker.Core", "src\Timetracker.Core\Timetracker.Core.csproj", "{AE25423F-BBFA-4019-B275-96D8B2A9A711}"
EndProject
Project("{FAE04EC0-301F-11D3-BF4B-00C04F79EFBC}") = "Timetracker.Infrastructure", "src\Timetracker.Infrastructure\Timetracker.Infrastructure.csproj", "{9CB37C53-441F-452F-8A4C-7FE823B18506}"
EndProject
Project("{FAE04EC0-301F-11D3-BF4B-00C04F79EFBC}") = "Timetracker.UI.Wpf", "src\Timetracker.UI.Wpf\Timetracker.UI.Wpf.csproj", "{FE328AE9-94D7-4C5C-BD1C-AE7BBA0EFE26}"
EndProject
Project("{2150E333-8FDC-42A3-9474-1A3956D46DE8}") = "tests", "tests", "{0AB3BF05-4346-4AA6-1389-037BE0695223}"
EndProject
Project("{FAE04EC0-301F-11D3-BF4B-00C04F79EFBC}") = "Timetracker.Tests", "tests\Timetracker.Tests\Timetracker.Tests.csproj", "{1266DE3A-24DF-45CA-9C8C-91BEDC251E67}"
EndProject
Global
	GlobalSection(SolutionConfigurationPlatforms) = preSolution
		Debug|Any CPU = Debug|Any CPU
		Debug|x64 = Debug|x64
		Debug|x86 = Debug|x86
		Release|Any CPU = Release|Any CPU
		Release|x64 = Release|x64
		Release|x86 = Release|x86
	EndGlobalSection
	GlobalSection(ProjectConfigurationPlatforms) = postSolution
		{AE25423F-BBFA-4019-B275-96D8B2A9A711}.Debug|Any CPU.ActiveCfg = Debug|Any CPU
		{AE25423F-BBFA-4019-B275-96D8B2A9A711}.Debug|Any CPU.Build.0 = Debug|Any CPU
		{AE25423F-BBFA-4019-B275-96D8B2A9A711}.Debug|x64.ActiveCfg = Debug|Any CPU
		{AE25423F-BBFA-4019-B275-96D8B2A9A711}.Debug|x64.Build.0 = Debug|Any CPU
		{AE25423F-BBFA-4019-B275-96D8B2A9A711}.Debug|x86.ActiveCfg = Debug|Any CPU
		{AE25423F-BBFA-4019-B275-96D8B2A9A711}.Debug|x86.Build.0 = Debug|Any CPU
		{AE25423F-BBFA-4019-B275-96D8B2A9A711}.Release|Any CPU.ActiveCfg = Release|Any CPU
		{AE25423F-BBFA-4019-B275-96D8B2A9A711}.Release|Any CPU.Build.0 = Release|Any CPU
		{AE25423F-BBFA-4019-B275-96D8B2A9A711}.Release|x64.ActiveCfg = Release|Any CPU
		{AE25423F-BBFA-4019-B275-96D8B2A9A711}.Release|x64.Build.0 = Release|Any CPU
		{AE25423F-BBFA-4019-B275-96D8B2A9A711}.Release|x86.ActiveCfg = Release|Any CPU
		{AE25423F-BBFA-4019-B275-96D8B2A9A711}.Release|x86.Build.0 = Release|Any CPU
		{9CB37C53-441F-452F-8A4C-7FE823B18506}.Debug|Any CPU.ActiveCfg = Debug|Any CPU
		{9CB37C53-441F-452F-8A4C-7FE823B18506}.Debug|Any CPU.Build.0 = Debug|Any CPU
		{9CB37C53-441F-452F-8A4C-7FE823B18506}.Debug|x64.ActiveCfg = Debug|Any CPU
		{9CB37C53-441F-452F-8A4C-7FE823B18506}.Debug|x64.Build.0 = Debug|Any CPU
		{9CB37C53-441F-452F-8A4C-7FE823B18506}.Debug|x86.ActiveCfg = Debug|Any CPU
		{9CB37C53-441F-452F-8A4C-7FE823B18506}.Debug|x86.Build.0 = Debug|Any CPU
		{9CB37C53-441F-452F-8A4C-7FE823B18506}.Release|Any CPU.ActiveCfg = Release|Any CPU
		{9CB37C53-441F-452F-8A4C-7FE823B18506}.Release|Any CPU.Build.0 = Release|Any CPU
		{9CB37C53-441F-452F-8A4C-7FE823B18506}.Release|x64.ActiveCfg = Release|Any CPU
		{9CB37C53-441F-452F-8A4C-7FE823B18506}.Release|x64.Build.0 = Release|Any CPU
		{9CB37C53-441F-452F-8A4C-7FE823B18506}.Release|x86.ActiveCfg = Release|Any CPU
		{9CB37C53-441F-452F-8A4C-7FE823B18506}.Release|x86.Build.0 = Release|Any CPU
		{FE328AE9-94D7-4C5C-BD1C-AE7BBA0EFE26}.Debug|Any CPU.ActiveCfg = Debug|Any CPU
		{FE328AE9-94D7-4C5C-BD1C-AE7BBA0EFE26}.Debug|Any CPU.Build.0 = Debug|Any CPU
		{FE328AE9-94D7-4C5C-BD1C-AE7BBA0EFE26}.Debug|x64.ActiveCfg = Debug|Any CPU
		{FE328AE9-94D7-4C5C-BD1C-AE7BBA0EFE26}.Debug|x64.Build.0 = Debug|Any CPU
		{FE328AE9-94D7-4C5C-BD1C-AE7BBA0EFE26}.Debug|x86.ActiveCfg = Debug|Any CPU
		{FE328AE9-94D7-4C5C-BD1C-AE7BBA0EFE26}.Debug|x86.Build.0 = Debug|Any CPU
		{FE328AE9-94D7-4C5C-BD1C-AE7BBA0EFE26}.Release|Any CPU.ActiveCfg = Release|Any CPU
		{FE328AE9-94D7-4C5C-BD1C-AE7BBA0EFE26}.Release|Any CPU.Build.0 = Release|Any CPU
		{FE328AE9-94D7-4C5C-BD1C-AE7BBA0EFE26}.Release|x64.ActiveCfg = Release|Any CPU
		{FE328AE9-94D7-4C5C-BD1C-AE7BBA0EFE26}.Release|x64.Build.0 = Release|Any CPU
		{FE328AE9-94D7-4C5C-BD1C-AE7BBA0EFE26}.Release|x86.ActiveCfg = Release|Any CPU
		{FE328AE9-94D7-4C5C-BD1C-AE7BBA0EFE26}.Release|x86.Build.0 = Release|Any CPU
		{1266DE3A-24DF-45CA-9C8C-91BEDC251E67}.Debug|Any CPU.ActiveCfg = Debug|Any CPU
		{1266DE3A-24DF-45CA-9C8C-91BEDC251E67}.Debug|Any CPU.Build.0 = Debug|Any CPU
		{1266DE3A-24DF-45CA-9C8C-91BEDC251E67}.Debug|x64.ActiveCfg = Debug|Any CPU
		{1266DE3A-24DF-45CA-9C8C-91BEDC251E67}.Debug|x64.Build.0 = Debug|Any CPU
		{1266DE3A-24DF-45CA-9C8C-91BEDC251E67}.Debug|x86.ActiveCfg = Debug|Any CPU
		{1266DE3A-24DF-45CA-9C8C-91BEDC251E67}.Debug|x86.Build.0 = Debug|Any CPU
		{1266DE3A-24DF-45CA-9C8C-91BEDC251E67}.Release|Any CPU.ActiveCfg = Release|Any CPU
		{1266DE3A-24DF-45CA-9C8C-91BEDC251E67}.Release|Any CPU.Build.0 = Release|Any CPU
		{1266DE3A-24DF-45CA-9C8C-91BEDC251E67}.Release|x64.ActiveCfg = Release|Any CPU
		{1266DE3A-24DF-45CA-9C8C-91BEDC251E67}.Release|x64.Build.0 = Release|Any CPU
		{1266DE3A-24DF-45CA-9C8C-91BEDC251E67}.Release|x86.ActiveCfg = Release|Any CPU
		{1266DE3A-24DF-45CA-9C8C-91BEDC251E67}.Release|x86.Build.0 = Release|Any CPU
	EndGlobalSection
	GlobalSection(SolutionProperties) = preSolution
		HideSolutionNode = FALSE
	EndGlobalSection
	GlobalSection(NestedProjects) = preSolution
		{AE25423F-BBFA-4019-B275-96D8B2A9A711} = {827E0CD3-B72D-47B6-A68D-7590B98EB39B}
		{9CB37C53-441F-452F-8A4C-7FE823B18506} = {827E0CD3-B72D-47B6-A68D-7590B98EB39B}
		{FE328AE9-94D7-4C5C-BD1C-AE7BBA0EFE26} = {827E0CD3-B72D-47B6-A68D-7590B98EB39B}
		{1266DE3A-24DF-45CA-9C8C-91BEDC251E67} = {0AB3BF05-4346-4AA6-1389-037BE0695223}
	EndGlobalSection
EndGlobal
